// !$*UTF8*$!
{
	archiveVersion = 1;
	classes = {
	};
	objectVersion = 51;
	objects = {

/* Begin PBXBuildFile section */
		11D0649E531380654578DE6A /* Pods_Parstagram_ParstagramUITests.framework in Frameworks */ = {isa = PBXBuildFile; fileRef = DD95B9372021EFF1C7951E45 /* Pods_Parstagram_ParstagramUITests.framework */; };
		33968169D3816A31126CF37A /* Pods_Parstagram.framework in Frameworks */ = {isa = PBXBuildFile; fileRef = AD7D9A524FBB2A834C91135F /* Pods_Parstagram.framework */; };
		4E20504AF3A95160C210C37D /* Pods_ParstagramTests.framework in Frameworks */ = {isa = PBXBuildFile; fileRef = 7C5CD42B1BD52C2B6907E9F3 /* Pods_ParstagramTests.framework */; };
		E341938A25DB5C2B0093FF50 /* CommentCell.swift in Sources */ = {isa = PBXBuildFile; fileRef = E341938925DB5C2B0093FF50 /* CommentCell.swift */; };
		E36DA33F25CFC55F00A03D65 /* AppDelegate.swift in Sources */ = {isa = PBXBuildFile; fileRef = E36DA33E25CFC55F00A03D65 /* AppDelegate.swift */; };
		E36DA34125CFC55F00A03D65 /* SceneDelegate.swift in Sources */ = {isa = PBXBuildFile; fileRef = E36DA34025CFC55F00A03D65 /* SceneDelegate.swift */; };
		E36DA34625CFC55F00A03D65 /* Main.storyboard in Resources */ = {isa = PBXBuildFile; fileRef = E36DA34425CFC55F00A03D65 /* Main.storyboard */; };
		E36DA34825CFC56000A03D65 /* Assets.xcassets in Resources */ = {isa = PBXBuildFile; fileRef = E36DA34725CFC56000A03D65 /* Assets.xcassets */; };
		E36DA34B25CFC56000A03D65 /* LaunchScreen.storyboard in Resources */ = {isa = PBXBuildFile; fileRef = E36DA34925CFC56000A03D65 /* LaunchScreen.storyboard */; };
		E36DA35625CFC56000A03D65 /* ParstagramTests.swift in Sources */ = {isa = PBXBuildFile; fileRef = E36DA35525CFC56000A03D65 /* ParstagramTests.swift */; };
		E36DA36125CFC56000A03D65 /* ParstagramUITests.swift in Sources */ = {isa = PBXBuildFile; fileRef = E36DA36025CFC56000A03D65 /* ParstagramUITests.swift */; };
		E36DA38125CFC83C00A03D65 /* LoginViewController.swift in Sources */ = {isa = PBXBuildFile; fileRef = E36DA38025CFC83C00A03D65 /* LoginViewController.swift */; };
		E36DA38625CFC84C00A03D65 /* FeedViewController.swift in Sources */ = {isa = PBXBuildFile; fileRef = E36DA38525CFC84C00A03D65 /* FeedViewController.swift */; };
		E36DA38B25D1114100A03D65 /* CameraViewController.swift in Sources */ = {isa = PBXBuildFile; fileRef = E36DA38A25D1114100A03D65 /* CameraViewController.swift */; };
		E36DA39B25D11F4400A03D65 /* PostCell.swift in Sources */ = {isa = PBXBuildFile; fileRef = E36DA39A25D11F4400A03D65 /* PostCell.swift */; };
/* End PBXBuildFile section */

/* Begin PBXContainerItemProxy section */
		E36DA35225CFC56000A03D65 /* PBXContainerItemProxy */ = {
			isa = PBXContainerItemProxy;
			containerPortal = E36DA33325CFC55F00A03D65 /* Project object */;
			proxyType = 1;
			remoteGlobalIDString = E36DA33A25CFC55F00A03D65;
			remoteInfo = Parstagram;
		};
		E36DA35D25CFC56000A03D65 /* PBXContainerItemProxy */ = {
			isa = PBXContainerItemProxy;
			containerPortal = E36DA33325CFC55F00A03D65 /* Project object */;
			proxyType = 1;
			remoteGlobalIDString = E36DA33A25CFC55F00A03D65;
			remoteInfo = Parstagram;
		};
/* End PBXContainerItemProxy section */

/* Begin PBXFileReference section */
		0EAC22B745AC32F03F9F294A /* Pods-ParstagramTests.release.xcconfig */ = {isa = PBXFileReference; includeInIndex = 1; lastKnownFileType = text.xcconfig; name = "Pods-ParstagramTests.release.xcconfig"; path = "Target Support Files/Pods-ParstagramTests/Pods-ParstagramTests.release.xcconfig"; sourceTree = "<group>"; };
		3A6FE18F678294A83B5E0182 /* Pods-Parstagram-ParstagramUITests.debug.xcconfig */ = {isa = PBXFileReference; includeInIndex = 1; lastKnownFileType = text.xcconfig; name = "Pods-Parstagram-ParstagramUITests.debug.xcconfig"; path = "Target Support Files/Pods-Parstagram-ParstagramUITests/Pods-Parstagram-ParstagramUITests.debug.xcconfig"; sourceTree = "<group>"; };
		7C5CD42B1BD52C2B6907E9F3 /* Pods_ParstagramTests.framework */ = {isa = PBXFileReference; explicitFileType = wrapper.framework; includeInIndex = 0; path = Pods_ParstagramTests.framework; sourceTree = BUILT_PRODUCTS_DIR; };
		7E29D2B2CBF78E3D956E71E7 /* Pods-Parstagram.debug.xcconfig */ = {isa = PBXFileReference; includeInIndex = 1; lastKnownFileType = text.xcconfig; name = "Pods-Parstagram.debug.xcconfig"; path = "Target Support Files/Pods-Parstagram/Pods-Parstagram.debug.xcconfig"; sourceTree = "<group>"; };
		AD7D9A524FBB2A834C91135F /* Pods_Parstagram.framework */ = {isa = PBXFileReference; explicitFileType = wrapper.framework; includeInIndex = 0; path = Pods_Parstagram.framework; sourceTree = BUILT_PRODUCTS_DIR; };
		CC3235DFB0BC28C5D92D009D /* Pods-ParstagramTests.debug.xcconfig */ = {isa = PBXFileReference; includeInIndex = 1; lastKnownFileType = text.xcconfig; name = "Pods-ParstagramTests.debug.xcconfig"; path = "Target Support Files/Pods-ParstagramTests/Pods-ParstagramTests.debug.xcconfig"; sourceTree = "<group>"; };
		D04296500F2C317717F9243B /* Pods-Parstagram-ParstagramUITests.release.xcconfig */ = {isa = PBXFileReference; includeInIndex = 1; lastKnownFileType = text.xcconfig; name = "Pods-Parstagram-ParstagramUITests.release.xcconfig"; path = "Target Support Files/Pods-Parstagram-ParstagramUITests/Pods-Parstagram-ParstagramUITests.release.xcconfig"; sourceTree = "<group>"; };
		DD95B9372021EFF1C7951E45 /* Pods_Parstagram_ParstagramUITests.framework */ = {isa = PBXFileReference; explicitFileType = wrapper.framework; includeInIndex = 0; path = Pods_Parstagram_ParstagramUITests.framework; sourceTree = BUILT_PRODUCTS_DIR; };
		DDFB4B18F74194EB069E13AA /* Pods-Parstagram.release.xcconfig */ = {isa = PBXFileReference; includeInIndex = 1; lastKnownFileType = text.xcconfig; name = "Pods-Parstagram.release.xcconfig"; path = "Target Support Files/Pods-Parstagram/Pods-Parstagram.release.xcconfig"; sourceTree = "<group>"; };
		E341938925DB5C2B0093FF50 /* CommentCell.swift */ = {isa = PBXFileReference; lastKnownFileType = sourcecode.swift; path = CommentCell.swift; sourceTree = "<group>"; };
		E36DA33B25CFC55F00A03D65 /* Parstagram.app */ = {isa = PBXFileReference; explicitFileType = wrapper.application; includeInIndex = 0; path = Parstagram.app; sourceTree = BUILT_PRODUCTS_DIR; };
		E36DA33E25CFC55F00A03D65 /* AppDelegate.swift */ = {isa = PBXFileReference; lastKnownFileType = sourcecode.swift; path = AppDelegate.swift; sourceTree = "<group>"; };
		E36DA34025CFC55F00A03D65 /* SceneDelegate.swift */ = {isa = PBXFileReference; lastKnownFileType = sourcecode.swift; path = SceneDelegate.swift; sourceTree = "<group>"; };
		E36DA34525CFC55F00A03D65 /* Base */ = {isa = PBXFileReference; lastKnownFileType = file.storyboard; name = Base; path = Base.lproj/Main.storyboard; sourceTree = "<group>"; };
		E36DA34725CFC56000A03D65 /* Assets.xcassets */ = {isa = PBXFileReference; lastKnownFileType = folder.assetcatalog; path = Assets.xcassets; sourceTree = "<group>"; };
		E36DA34A25CFC56000A03D65 /* Base */ = {isa = PBXFileReference; lastKnownFileType = file.storyboard; name = Base; path = Base.lproj/LaunchScreen.storyboard; sourceTree = "<group>"; };
		E36DA34C25CFC56000A03D65 /* Info.plist */ = {isa = PBXFileReference; lastKnownFileType = text.plist.xml; path = Info.plist; sourceTree = "<group>"; };
		E36DA35125CFC56000A03D65 /* ParstagramTests.xctest */ = {isa = PBXFileReference; explicitFileType = wrapper.cfbundle; includeInIndex = 0; path = ParstagramTests.xctest; sourceTree = BUILT_PRODUCTS_DIR; };
		E36DA35525CFC56000A03D65 /* ParstagramTests.swift */ = {isa = PBXFileReference; lastKnownFileType = sourcecode.swift; path = ParstagramTests.swift; sourceTree = "<group>"; };
		E36DA35725CFC56000A03D65 /* Info.plist */ = {isa = PBXFileReference; lastKnownFileType = text.plist.xml; path = Info.plist; sourceTree = "<group>"; };
		E36DA35C25CFC56000A03D65 /* ParstagramUITests.xctest */ = {isa = PBXFileReference; explicitFileType = wrapper.cfbundle; includeInIndex = 0; path = ParstagramUITests.xctest; sourceTree = BUILT_PRODUCTS_DIR; };
		E36DA36025CFC56000A03D65 /* ParstagramUITests.swift */ = {isa = PBXFileReference; lastKnownFileType = sourcecode.swift; path = ParstagramUITests.swift; sourceTree = "<group>"; };
		E36DA36225CFC56000A03D65 /* Info.plist */ = {isa = PBXFileReference; lastKnownFileType = text.plist.xml; path = Info.plist; sourceTree = "<group>"; };
		E36DA38025CFC83C00A03D65 /* LoginViewController.swift */ = {isa = PBXFileReference; lastKnownFileType = sourcecode.swift; path = LoginViewController.swift; sourceTree = "<group>"; };
		E36DA38525CFC84C00A03D65 /* FeedViewController.swift */ = {isa = PBXFileReference; lastKnownFileType = sourcecode.swift; path = FeedViewController.swift; sourceTree = "<group>"; };
		E36DA38A25D1114100A03D65 /* CameraViewController.swift */ = {isa = PBXFileReference; lastKnownFileType = sourcecode.swift; path = CameraViewController.swift; sourceTree = "<group>"; };
		E36DA39A25D11F4400A03D65 /* PostCell.swift */ = {isa = PBXFileReference; lastKnownFileType = sourcecode.swift; path = PostCell.swift; sourceTree = "<group>"; };
/* End PBXFileReference section */

/* Begin PBXFrameworksBuildPhase section */
		E36DA33825CFC55F00A03D65 /* Frameworks */ = {
			isa = PBXFrameworksBuildPhase;
			buildActionMask = 2147483647;
			files = (
				33968169D3816A31126CF37A /* Pods_Parstagram.framework in Frameworks */,
			);
			runOnlyForDeploymentPostprocessing = 0;
		};
		E36DA34E25CFC56000A03D65 /* Frameworks */ = {
			isa = PBXFrameworksBuildPhase;
			buildActionMask = 2147483647;
			files = (
				4E20504AF3A95160C210C37D /* Pods_ParstagramTests.framework in Frameworks */,
			);
			runOnlyForDeploymentPostprocessing = 0;
		};
		E36DA35925CFC56000A03D65 /* Frameworks */ = {
			isa = PBXFrameworksBuildPhase;
			buildActionMask = 2147483647;
			files = (
				11D0649E531380654578DE6A /* Pods_Parstagram_ParstagramUITests.framework in Frameworks */,
			);
			runOnlyForDeploymentPostprocessing = 0;
		};
/* End PBXFrameworksBuildPhase section */

/* Begin PBXGroup section */
		695592D54FA3069413DD4BA5 /* Pods */ = {
			isa = PBXGroup;
			children = (
				7E29D2B2CBF78E3D956E71E7 /* Pods-Parstagram.debug.xcconfig */,
				DDFB4B18F74194EB069E13AA /* Pods-Parstagram.release.xcconfig */,
				3A6FE18F678294A83B5E0182 /* Pods-Parstagram-ParstagramUITests.debug.xcconfig */,
				D04296500F2C317717F9243B /* Pods-Parstagram-ParstagramUITests.release.xcconfig */,
				CC3235DFB0BC28C5D92D009D /* Pods-ParstagramTests.debug.xcconfig */,
				0EAC22B745AC32F03F9F294A /* Pods-ParstagramTests.release.xcconfig */,
			);
			path = Pods;
			sourceTree = "<group>";
		};
		E36DA33225CFC55F00A03D65 = {
			isa = PBXGroup;
			children = (
				E36DA33D25CFC55F00A03D65 /* Parstagram */,
				E36DA35425CFC56000A03D65 /* ParstagramTests */,
				E36DA35F25CFC56000A03D65 /* ParstagramUITests */,
				E36DA33C25CFC55F00A03D65 /* Products */,
				695592D54FA3069413DD4BA5 /* Pods */,
				E3F74BB636B98999D848E0C2 /* Frameworks */,
			);
			sourceTree = "<group>";
		};
		E36DA33C25CFC55F00A03D65 /* Products */ = {
			isa = PBXGroup;
			children = (
				E36DA33B25CFC55F00A03D65 /* Parstagram.app */,
				E36DA35125CFC56000A03D65 /* ParstagramTests.xctest */,
				E36DA35C25CFC56000A03D65 /* ParstagramUITests.xctest */,
			);
			name = Products;
			sourceTree = "<group>";
		};
		E36DA33D25CFC55F00A03D65 /* Parstagram */ = {
			isa = PBXGroup;
			children = (
				E36DA33E25CFC55F00A03D65 /* AppDelegate.swift */,
				E36DA34025CFC55F00A03D65 /* SceneDelegate.swift */,
				E36DA34425CFC55F00A03D65 /* Main.storyboard */,
				E36DA34725CFC56000A03D65 /* Assets.xcassets */,
				E36DA34925CFC56000A03D65 /* LaunchScreen.storyboard */,
				E36DA34C25CFC56000A03D65 /* Info.plist */,
				E36DA38025CFC83C00A03D65 /* LoginViewController.swift */,
				E36DA38525CFC84C00A03D65 /* FeedViewController.swift */,
				E36DA38A25D1114100A03D65 /* CameraViewController.swift */,
				E36DA39A25D11F4400A03D65 /* PostCell.swift */,
				E341938925DB5C2B0093FF50 /* CommentCell.swift */,
			);
			path = Parstagram;
			sourceTree = "<group>";
		};
		E36DA35425CFC56000A03D65 /* ParstagramTests */ = {
			isa = PBXGroup;
			children = (
				E36DA35525CFC56000A03D65 /* ParstagramTests.swift */,
				E36DA35725CFC56000A03D65 /* Info.plist */,
			);
			path = ParstagramTests;
			sourceTree = "<group>";
		};
		E36DA35F25CFC56000A03D65 /* ParstagramUITests */ = {
			isa = PBXGroup;
			children = (
				E36DA36025CFC56000A03D65 /* ParstagramUITests.swift */,
				E36DA36225CFC56000A03D65 /* Info.plist */,
			);
			path = ParstagramUITests;
			sourceTree = "<group>";
		};
		E3F74BB636B98999D848E0C2 /* Frameworks */ = {
			isa = PBXGroup;
			children = (
				AD7D9A524FBB2A834C91135F /* Pods_Parstagram.framework */,
				DD95B9372021EFF1C7951E45 /* Pods_Parstagram_ParstagramUITests.framework */,
				7C5CD42B1BD52C2B6907E9F3 /* Pods_ParstagramTests.framework */,
			);
			name = Frameworks;
			sourceTree = "<group>";
		};
/* End PBXGroup section */

/* Begin PBXNativeTarget section */
		E36DA33A25CFC55F00A03D65 /* Parstagram */ = {
			isa = PBXNativeTarget;
			buildConfigurationList = E36DA36525CFC56000A03D65 /* Build configuration list for PBXNativeTarget "Parstagram" */;
			buildPhases = (
				39528EEA30ACA7E70F8BBF38 /* [CP] Check Pods Manifest.lock */,
				E36DA33725CFC55F00A03D65 /* Sources */,
				E36DA33825CFC55F00A03D65 /* Frameworks */,
				E36DA33925CFC55F00A03D65 /* Resources */,
				B31BDA655A3B5EA6E5D76314 /* [CP] Embed Pods Frameworks */,
			);
			buildRules = (
			);
			dependencies = (
			);
			name = Parstagram;
			productName = Parstagram;
			productReference = E36DA33B25CFC55F00A03D65 /* Parstagram.app */;
			productType = "com.apple.product-type.application";
		};
		E36DA35025CFC56000A03D65 /* ParstagramTests */ = {
			isa = PBXNativeTarget;
			buildConfigurationList = E36DA36825CFC56000A03D65 /* Build configuration list for PBXNativeTarget "ParstagramTests" */;
			buildPhases = (
				0A30282E0F804A39291B286B /* [CP] Check Pods Manifest.lock */,
				E36DA34D25CFC56000A03D65 /* Sources */,
				E36DA34E25CFC56000A03D65 /* Frameworks */,
				E36DA34F25CFC56000A03D65 /* Resources */,
			);
			buildRules = (
			);
			dependencies = (
				E36DA35325CFC56000A03D65 /* PBXTargetDependency */,
			);
			name = ParstagramTests;
			productName = ParstagramTests;
			productReference = E36DA35125CFC56000A03D65 /* ParstagramTests.xctest */;
			productType = "com.apple.product-type.bundle.unit-test";
		};
		E36DA35B25CFC56000A03D65 /* ParstagramUITests */ = {
			isa = PBXNativeTarget;
			buildConfigurationList = E36DA36B25CFC56000A03D65 /* Build configuration list for PBXNativeTarget "ParstagramUITests" */;
			buildPhases = (
				6B5D1F079707D37B46207B63 /* [CP] Check Pods Manifest.lock */,
				E36DA35825CFC56000A03D65 /* Sources */,
				E36DA35925CFC56000A03D65 /* Frameworks */,
				E36DA35A25CFC56000A03D65 /* Resources */,
				0EEE247FA7317B6202B5E8B6 /* [CP] Embed Pods Frameworks */,
			);
			buildRules = (
			);
			dependencies = (
				E36DA35E25CFC56000A03D65 /* PBXTargetDependency */,
			);
			name = ParstagramUITests;
			productName = ParstagramUITests;
			productReference = E36DA35C25CFC56000A03D65 /* ParstagramUITests.xctest */;
			productType = "com.apple.product-type.bundle.ui-testing";
		};
/* End PBXNativeTarget section */

/* Begin PBXProject section */
		E36DA33325CFC55F00A03D65 /* Project object */ = {
			isa = PBXProject;
			attributes = {
				LastSwiftUpdateCheck = 1240;
				LastUpgradeCheck = 1240;
				TargetAttributes = {
					E36DA33A25CFC55F00A03D65 = {
						CreatedOnToolsVersion = 12.4;
					};
					E36DA35025CFC56000A03D65 = {
						CreatedOnToolsVersion = 12.4;
						TestTargetID = E36DA33A25CFC55F00A03D65;
					};
					E36DA35B25CFC56000A03D65 = {
						CreatedOnToolsVersion = 12.4;
						TestTargetID = E36DA33A25CFC55F00A03D65;
					};
				};
			};
			buildConfigurationList = E36DA33625CFC55F00A03D65 /* Build configuration list for PBXProject "Parstagram" */;
			compatibilityVersion = "Xcode 9.3";
			developmentRegion = en;
			hasScannedForEncodings = 0;
			knownRegions = (
				en,
				Base,
			);
			mainGroup = E36DA33225CFC55F00A03D65;
			productRefGroup = E36DA33C25CFC55F00A03D65 /* Products */;
			projectDirPath = "";
			projectRoot = "";
			targets = (
				E36DA33A25CFC55F00A03D65 /* Parstagram */,
				E36DA35025CFC56000A03D65 /* ParstagramTests */,
				E36DA35B25CFC56000A03D65 /* ParstagramUITests */,
			);
		};
/* End PBXProject section */

/* Begin PBXResourcesBuildPhase section */
		E36DA33925CFC55F00A03D65 /* Resources */ = {
			isa = PBXResourcesBuildPhase;
			buildActionMask = 2147483647;
			files = (
				E36DA34B25CFC56000A03D65 /* LaunchScreen.storyboard in Resources */,
				E36DA34825CFC56000A03D65 /* Assets.xcassets in Resources */,
				E36DA34625CFC55F00A03D65 /* Main.storyboard in Resources */,
			);
			runOnlyForDeploymentPostprocessing = 0;
		};
		E36DA34F25CFC56000A03D65 /* Resources */ = {
			isa = PBXResourcesBuildPhase;
			buildActionMask = 2147483647;
			files = (
			);
			runOnlyForDeploymentPostprocessing = 0;
		};
		E36DA35A25CFC56000A03D65 /* Resources */ = {
			isa = PBXResourcesBuildPhase;
			buildActionMask = 2147483647;
			files = (
			);
			runOnlyForDeploymentPostprocessing = 0;
		};
/* End PBXResourcesBuildPhase section */

/* Begin PBXShellScriptBuildPhase section */
		0A30282E0F804A39291B286B /* [CP] Check Pods Manifest.lock */ = {
			isa = PBXShellScriptBuildPhase;
			buildActionMask = 2147483647;
			files = (
			);
			inputFileListPaths = (
			);
			inputPaths = (
				"${PODS_PODFILE_DIR_PATH}/Podfile.lock",
				"${PODS_ROOT}/Manifest.lock",
			);
			name = "[CP] Check Pods Manifest.lock";
			outputFileListPaths = (
			);
			outputPaths = (
				"$(DERIVED_FILE_DIR)/Pods-ParstagramTests-checkManifestLockResult.txt",
			);
			runOnlyForDeploymentPostprocessing = 0;
			shellPath = /bin/sh;
			shellScript = "diff \"${PODS_PODFILE_DIR_PATH}/Podfile.lock\" \"${PODS_ROOT}/Manifest.lock\" > /dev/null\nif [ $? != 0 ] ; then\n    # print error to STDERR\n    echo \"error: The sandbox is not in sync with the Podfile.lock. Run 'pod install' or update your CocoaPods installation.\" >&2\n    exit 1\nfi\n# This output is used by Xcode 'outputs' to avoid re-running this script phase.\necho \"SUCCESS\" > \"${SCRIPT_OUTPUT_FILE_0}\"\n";
			showEnvVarsInLog = 0;
		};
		0EEE247FA7317B6202B5E8B6 /* [CP] Embed Pods Frameworks */ = {
			isa = PBXShellScriptBuildPhase;
			buildActionMask = 2147483647;
			files = (
			);
			inputFileListPaths = (
				"${PODS_ROOT}/Target Support Files/Pods-Parstagram-ParstagramUITests/Pods-Parstagram-ParstagramUITests-frameworks-${CONFIGURATION}-input-files.xcfilelist",
			);
			name = "[CP] Embed Pods Frameworks";
			outputFileListPaths = (
				"${PODS_ROOT}/Target Support Files/Pods-Parstagram-ParstagramUITests/Pods-Parstagram-ParstagramUITests-frameworks-${CONFIGURATION}-output-files.xcfilelist",
			);
			runOnlyForDeploymentPostprocessing = 0;
			shellPath = /bin/sh;
			shellScript = "\"${PODS_ROOT}/Target Support Files/Pods-Parstagram-ParstagramUITests/Pods-Parstagram-ParstagramUITests-frameworks.sh\"\n";
			showEnvVarsInLog = 0;
		};
		39528EEA30ACA7E70F8BBF38 /* [CP] Check Pods Manifest.lock */ = {
			isa = PBXShellScriptBuildPhase;
			buildActionMask = 2147483647;
			files = (
			);
			inputFileListPaths = (
			);
			inputPaths = (
				"${PODS_PODFILE_DIR_PATH}/Podfile.lock",
				"${PODS_ROOT}/Manifest.lock",
			);
			name = "[CP] Check Pods Manifest.lock";
			outputFileListPaths = (
			);
			outputPaths = (
				"$(DERIVED_FILE_DIR)/Pods-Parstagram-checkManifestLockResult.txt",
			);
			runOnlyForDeploymentPostprocessing = 0;
			shellPath = /bin/sh;
			shellScript = "diff \"${PODS_PODFILE_DIR_PATH}/Podfile.lock\" \"${PODS_ROOT}/Manifest.lock\" > /dev/null\nif [ $? != 0 ] ; then\n    # print error to STDERR\n    echo \"error: The sandbox is not in sync with the Podfile.lock. Run 'pod install' or update your CocoaPods installation.\" >&2\n    exit 1\nfi\n# This output is used by Xcode 'outputs' to avoid re-running this script phase.\necho \"SUCCESS\" > \"${SCRIPT_OUTPUT_FILE_0}\"\n";
			showEnvVarsInLog = 0;
		};
		6B5D1F079707D37B46207B63 /* [CP] Check Pods Manifest.lock */ = {
			isa = PBXShellScriptBuildPhase;
			buildActionMask = 2147483647;
			files = (
			);
			inputFileListPaths = (
			);
			inputPaths = (
				"${PODS_PODFILE_DIR_PATH}/Podfile.lock",
				"${PODS_ROOT}/Manifest.lock",
			);
			name = "[CP] Check Pods Manifest.lock";
			outputFileListPaths = (
			);
			outputPaths = (
				"$(DERIVED_FILE_DIR)/Pods-Parstagram-ParstagramUITests-checkManifestLockResult.txt",
			);
			runOnlyForDeploymentPostprocessing = 0;
			shellPath = /bin/sh;
			shellScript = "diff \"${PODS_PODFILE_DIR_PATH}/Podfile.lock\" \"${PODS_ROOT}/Manifest.lock\" > /dev/null\nif [ $? != 0 ] ; then\n    # print error to STDERR\n    echo \"error: The sandbox is not in sync with the Podfile.lock. Run 'pod install' or update your CocoaPods installation.\" >&2\n    exit 1\nfi\n# This output is used by Xcode 'outputs' to avoid re-running this script phase.\necho \"SUCCESS\" > \"${SCRIPT_OUTPUT_FILE_0}\"\n";
			showEnvVarsInLog = 0;
		};
		B31BDA655A3B5EA6E5D76314 /* [CP] Embed Pods Frameworks */ = {
			isa = PBXShellScriptBuildPhase;
			buildActionMask = 2147483647;
			files = (
			);
			inputFileListPaths = (
				"${PODS_ROOT}/Target Support Files/Pods-Parstagram/Pods-Parstagram-frameworks-${CONFIGURATION}-input-files.xcfilelist",
			);
			name = "[CP] Embed Pods Frameworks";
			outputFileListPaths = (
				"${PODS_ROOT}/Target Support Files/Pods-Parstagram/Pods-Parstagram-frameworks-${CONFIGURATION}-output-files.xcfilelist",
			);
			runOnlyForDeploymentPostprocessing = 0;
			shellPath = /bin/sh;
			shellScript = "\"${PODS_ROOT}/Target Support Files/Pods-Parstagram/Pods-Parstagram-frameworks.sh\"\n";
			showEnvVarsInLog = 0;
		};
/* End PBXShellScriptBuildPhase section */

/* Begin PBXSourcesBuildPhase section */
		E36DA33725CFC55F00A03D65 /* Sources */ = {
			isa = PBXSourcesBuildPhase;
			buildActionMask = 2147483647;
			files = (
				E36DA38125CFC83C00A03D65 /* LoginViewController.swift in Sources */,
				E36DA38B25D1114100A03D65 /* CameraViewController.swift in Sources */,
				E36DA33F25CFC55F00A03D65 /* AppDelegate.swift in Sources */,
				E36DA38625CFC84C00A03D65 /* FeedViewController.swift in Sources */,
				E36DA34125CFC55F00A03D65 /* SceneDelegate.swift in Sources */,
				E36DA39B25D11F4400A03D65 /* PostCell.swift in Sources */,
				E341938A25DB5C2B0093FF50 /* CommentCell.swift in Sources */,
			);
			runOnlyForDeploymentPostprocessing = 0;
		};
		E36DA34D25CFC56000A03D65 /* Sources */ = {
			isa = PBXSourcesBuildPhase;
			buildActionMask = 2147483647;
			files = (
				E36DA35625CFC56000A03D65 /* ParstagramTests.swift in Sources */,
			);
			runOnlyForDeploymentPostprocessing = 0;
		};
		E36DA35825CFC56000A03D65 /* Sources */ = {
			isa = PBXSourcesBuildPhase;
			buildActionMask = 2147483647;
			files = (
				E36DA36125CFC56000A03D65 /* ParstagramUITests.swift in Sources */,
			);
			runOnlyForDeploymentPostprocessing = 0;
		};
/* End PBXSourcesBuildPhase section */

/* Begin PBXTargetDependency section */
		E36DA35325CFC56000A03D65 /* PBXTargetDependency */ = {
			isa = PBXTargetDependency;
			target = E36DA33A25CFC55F00A03D65 /* Parstagram */;
			targetProxy = E36DA35225CFC56000A03D65 /* PBXContainerItemProxy */;
		};
		E36DA35E25CFC56000A03D65 /* PBXTargetDependency */ = {
			isa = PBXTargetDependency;
			target = E36DA33A25CFC55F00A03D65 /* Parstagram */;
			targetProxy = E36DA35D25CFC56000A03D65 /* PBXContainerItemProxy */;
		};
/* End PBXTargetDependency section */

/* Begin PBXVariantGroup section */
		E36DA34425CFC55F00A03D65 /* Main.storyboard */ = {
			isa = PBXVariantGroup;
			children = (
				E36DA34525CFC55F00A03D65 /* Base */,
			);
			name = Main.storyboard;
			sourceTree = "<group>";
		};
		E36DA34925CFC56000A03D65 /* LaunchScreen.storyboard */ = {
			isa = PBXVariantGroup;
			children = (
				E36DA34A25CFC56000A03D65 /* Base */,
			);
			name = LaunchScreen.storyboard;
			sourceTree = "<group>";
		};
/* End PBXVariantGroup section */

/* Begin XCBuildConfiguration section */
		E36DA36325CFC56000A03D65 /* Debug */ = {
			isa = XCBuildConfiguration;
			buildSettings = {
				ALWAYS_SEARCH_USER_PATHS = NO;
				CLANG_ANALYZER_NONNULL = YES;
				CLANG_ANALYZER_NUMBER_OBJECT_CONVERSION = YES_AGGRESSIVE;
				CLANG_CXX_LANGUAGE_STANDARD = "gnu++14";
				CLANG_CXX_LIBRARY = "libc++";
				CLANG_ENABLE_MODULES = YES;
				CLANG_ENABLE_OBJC_ARC = YES;
				CLANG_ENABLE_OBJC_WEAK = YES;
				CLANG_WARN_BLOCK_CAPTURE_AUTORELEASING = YES;
				CLANG_WARN_BOOL_CONVERSION = YES;
				CLANG_WARN_COMMA = YES;
				CLANG_WARN_CONSTANT_CONVERSION = YES;
				CLANG_WARN_DEPRECATED_OBJC_IMPLEMENTATIONS = YES;
				CLANG_WARN_DIRECT_OBJC_ISA_USAGE = YES_ERROR;
				CLANG_WARN_DOCUMENTATION_COMMENTS = YES;
				CLANG_WARN_EMPTY_BODY = YES;
				CLANG_WARN_ENUM_CONVERSION = YES;
				CLANG_WARN_INFINITE_RECURSION = YES;
				CLANG_WARN_INT_CONVERSION = YES;
				CLANG_WARN_NON_LITERAL_NULL_CONVERSION = YES;
				CLANG_WARN_OBJC_IMPLICIT_RETAIN_SELF = YES;
				CLANG_WARN_OBJC_LITERAL_CONVERSION = YES;
				CLANG_WARN_OBJC_ROOT_CLASS = YES_ERROR;
				CLANG_WARN_QUOTED_INCLUDE_IN_FRAMEWORK_HEADER = YES;
				CLANG_WARN_RANGE_LOOP_ANALYSIS = YES;
				CLANG_WARN_STRICT_PROTOTYPES = YES;
				CLANG_WARN_SUSPICIOUS_MOVE = YES;
				CLANG_WARN_UNGUARDED_AVAILABILITY = YES_AGGRESSIVE;
				CLANG_WARN_UNREACHABLE_CODE = YES;
				CLANG_WARN__DUPLICATE_METHOD_MATCH = YES;
				COPY_PHASE_STRIP = NO;
				DEBUG_INFORMATION_FORMAT = dwarf;
				ENABLE_STRICT_OBJC_MSGSEND = YES;
				ENABLE_TESTABILITY = YES;
				GCC_C_LANGUAGE_STANDARD = gnu11;
				GCC_DYNAMIC_NO_PIC = NO;
				GCC_NO_COMMON_BLOCKS = YES;
				GCC_OPTIMIZATION_LEVEL = 0;
				GCC_PREPROCESSOR_DEFINITIONS = (
					"DEBUG=1",
					"$(inherited)",
				);
				GCC_WARN_64_TO_32_BIT_CONVERSION = YES;
				GCC_WARN_ABOUT_RETURN_TYPE = YES_ERROR;
				GCC_WARN_UNDECLARED_SELECTOR = YES;
				GCC_WARN_UNINITIALIZED_AUTOS = YES_AGGRESSIVE;
				GCC_WARN_UNUSED_FUNCTION = YES;
				GCC_WARN_UNUSED_VARIABLE = YES;
				IPHONEOS_DEPLOYMENT_TARGET = 14.4;
				MTL_ENABLE_DEBUG_INFO = INCLUDE_SOURCE;
				MTL_FAST_MATH = YES;
				ONLY_ACTIVE_ARCH = YES;
				SDKROOT = iphoneos;
				SWIFT_ACTIVE_COMPILATION_CONDITIONS = DEBUG;
				SWIFT_OPTIMIZATION_LEVEL = "-Onone";
			};
			name = Debug;
		};
		E36DA36425CFC56000A03D65 /* Release */ = {
			isa = XCBuildConfiguration;
			buildSettings = {
				ALWAYS_SEARCH_USER_PATHS = NO;
				CLANG_ANALYZER_NONNULL = YES;
				CLANG_ANALYZER_NUMBER_OBJECT_CONVERSION = YES_AGGRESSIVE;
				CLANG_CXX_LANGUAGE_STANDARD = "gnu++14";
				CLANG_CXX_LIBRARY = "libc++";
				CLANG_ENABLE_MODULES = YES;
				CLANG_ENABLE_OBJC_ARC = YES;
				CLANG_ENABLE_OBJC_WEAK = YES;
				CLANG_WARN_BLOCK_CAPTURE_AUTORELEASING = YES;
				CLANG_WARN_BOOL_CONVERSION = YES;
				CLANG_WARN_COMMA = YES;
				CLANG_WARN_CONSTANT_CONVERSION = YES;
				CLANG_WARN_DEPRECATED_OBJC_IMPLEMENTATIONS = YES;
				CLANG_WARN_DIRECT_OBJC_ISA_USAGE = YES_ERROR;
				CLANG_WARN_DOCUMENTATION_COMMENTS = YES;
				CLANG_WARN_EMPTY_BODY = YES;
				CLANG_WARN_ENUM_CONVERSION = YES;
				CLANG_WARN_INFINITE_RECURSION = YES;
				CLANG_WARN_INT_CONVERSION = YES;
				CLANG_WARN_NON_LITERAL_NULL_CONVERSION = YES;
				CLANG_WARN_OBJC_IMPLICIT_RETAIN_SELF = YES;
				CLANG_WARN_OBJC_LITERAL_CONVERSION = YES;
				CLANG_WARN_OBJC_ROOT_CLASS = YES_ERROR;
				CLANG_WARN_QUOTED_INCLUDE_IN_FRAMEWORK_HEADER = YES;
				CLANG_WARN_RANGE_LOOP_ANALYSIS = YES;
				CLANG_WARN_STRICT_PROTOTYPES = YES;
				CLANG_WARN_SUSPICIOUS_MOVE = YES;
				CLANG_WARN_UNGUARDED_AVAILABILITY = YES_AGGRESSIVE;
				CLANG_WARN_UNREACHABLE_CODE = YES;
				CLANG_WARN__DUPLICATE_METHOD_MATCH = YES;
				COPY_PHASE_STRIP = NO;
				DEBUG_INFORMATION_FORMAT = "dwarf-with-dsym";
				ENABLE_NS_ASSERTIONS = NO;
				ENABLE_STRICT_OBJC_MSGSEND = YES;
				GCC_C_LANGUAGE_STANDARD = gnu11;
				GCC_NO_COMMON_BLOCKS = YES;
				GCC_WARN_64_TO_32_BIT_CONVERSION = YES;
				GCC_WARN_ABOUT_RETURN_TYPE = YES_ERROR;
				GCC_WARN_UNDECLARED_SELECTOR = YES;
				GCC_WARN_UNINITIALIZED_AUTOS = YES_AGGRESSIVE;
				GCC_WARN_UNUSED_FUNCTION = YES;
				GCC_WARN_UNUSED_VARIABLE = YES;
				IPHONEOS_DEPLOYMENT_TARGET = 14.4;
				MTL_ENABLE_DEBUG_INFO = NO;
				MTL_FAST_MATH = YES;
				SDKROOT = iphoneos;
				SWIFT_COMPILATION_MODE = wholemodule;
				SWIFT_OPTIMIZATION_LEVEL = "-O";
				VALIDATE_PRODUCT = YES;
			};
			name = Release;
		};
		E36DA36625CFC56000A03D65 /* Debug */ = {
			isa = XCBuildConfiguration;
			baseConfigurationReference = 7E29D2B2CBF78E3D956E71E7 /* Pods-Parstagram.debug.xcconfig */;
			buildSettings = {
				ASSETCATALOG_COMPILER_APPICON_NAME = AppIcon;
				ASSETCATALOG_COMPILER_GLOBAL_ACCENT_COLOR_NAME = AccentColor;
				CODE_SIGN_STYLE = Automatic;
				INFOPLIST_FILE = Parstagram/Info.plist;
				LD_RUNPATH_SEARCH_PATHS = (
					"$(inherited)",
					"@executable_path/Frameworks",
				);
				PRODUCT_BUNDLE_IDENTIFIER = "julmcardenas-gmail.com.Parstagram";
				PRODUCT_NAME = "$(TARGET_NAME)";
				SWIFT_VERSION = 5.0;
				TARGETED_DEVICE_FAMILY = "1,2";
			};
			name = Debug;
		};
		E36DA36725CFC56000A03D65 /* Release */ = {
			isa = XCBuildConfiguration;
			baseConfigurationReference = DDFB4B18F74194EB069E13AA /* Pods-Parstagram.release.xcconfig */;
			buildSettings = {
				ASSETCATALOG_COMPILER_APPICON_NAME = AppIcon;
				ASSETCATALOG_COMPILER_GLOBAL_ACCENT_COLOR_NAME = AccentColor;
				CODE_SIGN_STYLE = Automatic;
				INFOPLIST_FILE = Parstagram/Info.plist;
				LD_RUNPATH_SEARCH_PATHS = (
					"$(inherited)",
					"@executable_path/Frameworks",
				);
				PRODUCT_BUNDLE_IDENTIFIER = "julmcardenas-gmail.com.Parstagram";
				PRODUCT_NAME = "$(TARGET_NAME)";
				SWIFT_VERSION = 5.0;
				TARGETED_DEVICE_FAMILY = "1,2";
			};
			name = Release;
		};
		E36DA36925CFC56000A03D65 /* Debug */ = {
			isa = XCBuildConfiguration;
			baseConfigurationReference = CC3235DFB0BC28C5D92D009D /* Pods-ParstagramTests.debug.xcconfig */;
			buildSettings = {
				ALWAYS_EMBED_SWIFT_STANDARD_LIBRARIES = YES;
				BUNDLE_LOADER = "$(TEST_HOST)";
				CODE_SIGN_STYLE = Automatic;
				INFOPLIST_FILE = ParstagramTests/Info.plist;
				IPHONEOS_DEPLOYMENT_TARGET = 14.4;
				LD_RUNPATH_SEARCH_PATHS = (
					"$(inherited)",
					"@executable_path/Frameworks",
					"@loader_path/Frameworks",
				);
				PRODUCT_BUNDLE_IDENTIFIER = "julmcardenas-gmail.com.ParstagramTests";
				PRODUCT_NAME = "$(TARGET_NAME)";
				SWIFT_VERSION = 5.0;
				TARGETED_DEVICE_FAMILY = "1,2";
				TEST_HOST = "$(BUILT_PRODUCTS_DIR)/Parstagram.app/Parstagram";
			};
			name = Debug;
		};
		E36DA36A25CFC56000A03D65 /* Release */ = {
			isa = XCBuildConfiguration;
			baseConfigurationReference = 0EAC22B745AC32F03F9F294A /* Pods-ParstagramTests.release.xcconfig */;
			buildSettings = {
				ALWAYS_EMBED_SWIFT_STANDARD_LIBRARIES = YES;
				BUNDLE_LOADER = "$(TEST_HOST)";
				CODE_SIGN_STYLE = Automatic;
				INFOPLIST_FILE = ParstagramTests/Info.plist;
				IPHONEOS_DEPLOYMENT_TARGET = 14.4;
				LD_RUNPATH_SEARCH_PATHS = (
					"$(inherited)",
					"@executable_path/Frameworks",
					"@loader_path/Frameworks",
				);
				PRODUCT_BUNDLE_IDENTIFIER = "julmcardenas-gmail.com.ParstagramTests";
				PRODUCT_NAME = "$(TARGET_NAME)";
				SWIFT_VERSION = 5.0;
				TARGETED_DEVICE_FAMILY = "1,2";
				TEST_HOST = "$(BUILT_PRODUCTS_DIR)/Parstagram.app/Parstagram";
			};
			name = Release;
		};
		E36DA36C25CFC56000A03D65 /* Debug */ = {
			isa = XCBuildConfiguration;
			baseConfigurationReference = 3A6FE18F678294A83B5E0182 /* Pods-Parstagram-ParstagramUITests.debug.xcconfig */;
			buildSettings = {
				ALWAYS_EMBED_SWIFT_STANDARD_LIBRARIES = YES;
				CODE_SIGN_STYLE = Automatic;
				INFOPLIST_FILE = ParstagramUITests/Info.plist;
				LD_RUNPATH_SEARCH_PATHS = (
					"$(inherited)",
					"@executable_path/Frameworks",
					"@loader_path/Frameworks",
				);
				PRODUCT_BUNDLE_IDENTIFIER = "julmcardenas-gmail.com.ParstagramUITests";
				PRODUCT_NAME = "$(TARGET_NAME)";
				SWIFT_VERSION = 5.0;
				TARGETED_DEVICE_FAMILY = "1,2";
				TEST_TARGET_NAME = Parstagram;
			};
			name = Debug;
		};
		E36DA36D25CFC56000A03D65 /* Release */ = {
			isa = XCBuildConfiguration;
			baseConfigurationReference = D04296500F2C317717F9243B /* Pods-Parstagram-ParstagramUITests.release.xcconfig */;
			buildSettings = {
				ALWAYS_EMBED_SWIFT_STANDARD_LIBRARIES = YES;
				CODE_SIGN_STYLE = Automatic;
				INFOPLIST_FILE = ParstagramUITests/Info.plist;
				LD_RUNPATH_SEARCH_PATHS = (
					"$(inherited)",
					"@executable_path/Frameworks",
					"@loader_path/Frameworks",
				);
				PRODUCT_BUNDLE_IDENTIFIER = "julmcardenas-gmail.com.ParstagramUITests";
				PRODUCT_NAME = "$(TARGET_NAME)";
				SWIFT_VERSION = 5.0;
				TARGETED_DEVICE_FAMILY = "1,2";
				TEST_TARGET_NAME = Parstagram;
			};
			name = Release;
		};
/* End XCBuildConfiguration section */

/* Begin XCConfigurationList section */
		E36DA33625CFC55F00A03D65 /* Build configuration list for PBXProject "Parstagram" */ = {
			isa = XCConfigurationList;
			buildConfigurations = (
				E36DA36325CFC56000A03D65 /* Debug */,
				E36DA36425CFC56000A03D65 /* Release */,
			);
			defaultConfigurationIsVisible = 0;
			defaultConfigurationName = Release;
		};
		E36DA36525CFC56000A03D65 /* Build configuration list for PBXNativeTarget "Parstagram" */ = {
			isa = XCConfigurationList;
			buildConfigurations = (
				E36DA36625CFC56000A03D65 /* Debug */,
				E36DA36725CFC56000A03D65 /* Release */,
			);
			defaultConfigurationIsVisible = 0;
			defaultConfigurationName = Release;
		};
		E36DA36825CFC56000A03D65 /* Build configuration list for PBXNativeTarget "ParstagramTests" */ = {
			isa = XCConfigurationList;
			buildConfigurations = (
				E36DA36925CFC56000A03D65 /* Debug */,
				E36DA36A25CFC56000A03D65 /* Release */,
			);
			defaultConfigurationIsVisible = 0;
			defaultConfigurationName = Release;
		};
		E36DA36B25CFC56000A03D65 /* Build configuration list for PBXNativeTarget "ParstagramUITests" */ = {
			isa = XCConfigurationList;
			buildConfigurations = (
				E36DA36C25CFC56000A03D65 /* Debug */,
				E36DA36D25CFC56000A03D65 /* Release */,
			);
			defaultConfigurationIsVisible = 0;
			defaultConfigurationName = Release;
		};
/* End XCConfigurationList section */
	};
	rootObject = E36DA33325CFC55F00A03D65 /* Project object */;
}
